
Microsoft Visual Studio Solution File, Format Version 12.00
# Visual Studio Version 17
VisualStudioVersion = 17.8.34408.163
MinimumVisualStudioVersion = 10.0.40219.1
Project("{2150E333-8FDC-42A3-9474-1A3956D46DE8}") = "Domain", "Domain", "{99F332FF-8C4F-43B1-A6C2-3CB82762E307}"
EndProject
Project("{2150E333-8FDC-42A3-9474-1A3956D46DE8}") = "Service", "Service", "{43A216DE-20B2-41FE-A878-BB9F9C592879}"
EndProject
Project("{2150E333-8FDC-42A3-9474-1A3956D46DE8}") = "Application", "Application", "{91F6B2CB-72F2-49C2-AB38-52CF0C1F2908}"
EndProject
Project("{FAE04EC0-301F-11D3-BF4B-00C04F79EFBC}") = "CLIApplication", "CLIApplication\CLIApplication.csproj", "{AD8EDF5B-FEDC-45B6-84C4-E8302F84855C}"
EndProject
Project("{FAE04EC0-301F-11D3-BF4B-00C04F79EFBC}") = "RPAService", "RPAService\RPAService.csproj", "{F7BC1A82-635A-4AF5-9D95-7CB61637DDA5}"
EndProject
Project("{FAE04EC0-301F-11D3-BF4B-00C04F79EFBC}") = "RPADomain", "RPADomain\RPADomain.csproj", "{3F13629B-7C27-4AEA-83F8-0A02F8EDF2DC}"
EndProject
Global
	GlobalSection(SolutionConfigurationPlatforms) = preSolution
		Debug|Any CPU = Debug|Any CPU
		Release|Any CPU = Release|Any CPU
	EndGlobalSection
	GlobalSection(ProjectConfigurationPlatforms) = postSolution
		{AD8EDF5B-FEDC-45B6-84C4-E8302F84855C}.Debug|Any CPU.ActiveCfg = Debug|Any CPU
		{AD8EDF5B-FEDC-45B6-84C4-E8302F84855C}.Debug|Any CPU.Build.0 = Debug|Any CPU
		{AD8EDF5B-FEDC-45B6-84C4-E8302F84855C}.Release|Any CPU.ActiveCfg = Release|Any CPU
		{AD8EDF5B-FEDC-45B6-84C4-E8302F84855C}.Release|Any CPU.Build.0 = Release|Any CPU
		{F7BC1A82-635A-4AF5-9D95-7CB61637DDA5}.Debug|Any CPU.ActiveCfg = Debug|Any CPU
		{F7BC1A82-635A-4AF5-9D95-7CB61637DDA5}.Debug|Any CPU.Build.0 = Debug|Any CPU
		{F7BC1A82-635A-4AF5-9D95-7CB61637DDA5}.Release|Any CPU.ActiveCfg = Release|Any CPU
		{F7BC1A82-635A-4AF5-9D95-7CB61637DDA5}.Release|Any CPU.Build.0 = Release|Any CPU
		{3F13629B-7C27-4AEA-83F8-0A02F8EDF2DC}.Debug|Any CPU.ActiveCfg = Debug|Any CPU
		{3F13629B-7C27-4AEA-83F8-0A02F8EDF2DC}.Debug|Any CPU.Build.0 = Debug|Any CPU
		{3F13629B-7C27-4AEA-83F8-0A02F8EDF2DC}.Release|Any CPU.ActiveCfg = Release|Any CPU
		{3F13629B-7C27-4AEA-83F8-0A02F8EDF2DC}.Release|Any CPU.Build.0 = Release|Any CPU
	EndGlobalSection
	GlobalSection(SolutionProperties) = preSolution
		HideSolutionNode = FALSE
	EndGlobalSection
	GlobalSection(NestedProjects) = preSolution
		{AD8EDF5B-FEDC-45B6-84C4-E8302F84855C} = {91F6B2CB-72F2-49C2-AB38-52CF0C1F2908}
		{F7BC1A82-635A-4AF5-9D95-7CB61637DDA5} = {43A216DE-20B2-41FE-A878-BB9F9C592879}
		{3F13629B-7C27-4AEA-83F8-0A02F8EDF2DC} = {99F332FF-8C4F-43B1-A6C2-3CB82762E307}
	EndGlobalSection
	GlobalSection(ExtensibilityGlobals) = postSolution
		SolutionGuid = {705DE279-5949-4408-8920-ECD4BCEC9364}
	EndGlobalSection
EndGlobal
